// !$*UTF8*$!
{
	archiveVersion = 1;
	classes = {
	};
	objectVersion = 50;
	objects = {

/* Begin PBXBuildFile section */
		AB9EC70B213F35CF00BB05EE /* AppDelegate.swift in Sources */ = {isa = PBXBuildFile; fileRef = AB9EC70A213F35CF00BB05EE /* AppDelegate.swift */; };
		AB9EC70D213F35CF00BB05EE /* ViewController.swift in Sources */ = {isa = PBXBuildFile; fileRef = AB9EC70C213F35CF00BB05EE /* ViewController.swift */; };
		AB9EC710213F35CF00BB05EE /* Main.storyboard in Resources */ = {isa = PBXBuildFile; fileRef = AB9EC70E213F35CF00BB05EE /* Main.storyboard */; };
		AB9EC712213F35D000BB05EE /* Assets.xcassets in Resources */ = {isa = PBXBuildFile; fileRef = AB9EC711213F35D000BB05EE /* Assets.xcassets */; };
		AB9EC715213F35D000BB05EE /* LaunchScreen.storyboard in Resources */ = {isa = PBXBuildFile; fileRef = AB9EC713213F35D000BB05EE /* LaunchScreen.storyboard */; };
		AB9EC720213F35D000BB05EE /* PracticeTests.swift in Sources */ = {isa = PBXBuildFile; fileRef = AB9EC71F213F35D000BB05EE /* PracticeTests.swift */; };
		AB9EC72B213F35D000BB05EE /* PracticeUITests.swift in Sources */ = {isa = PBXBuildFile; fileRef = AB9EC72A213F35D000BB05EE /* PracticeUITests.swift */; };
/* End PBXBuildFile section */

/* Begin PBXContainerItemProxy section */
		AB9EC71C213F35D000BB05EE /* PBXContainerItemProxy */ = {
			isa = PBXContainerItemProxy;
			containerPortal = AB9EC6FF213F35CF00BB05EE /* Project object */;
			proxyType = 1;
			remoteGlobalIDString = AB9EC706213F35CF00BB05EE;
			remoteInfo = Practice;
		};
		AB9EC727213F35D000BB05EE /* PBXContainerItemProxy */ = {
			isa = PBXContainerItemProxy;
			containerPortal = AB9EC6FF213F35CF00BB05EE /* Project object */;
			proxyType = 1;
			remoteGlobalIDString = AB9EC706213F35CF00BB05EE;
			remoteInfo = Practice;
		};
/* End PBXContainerItemProxy section */

/* Begin PBXFileReference section */
		AB9EC707213F35CF00BB05EE /* Practice.app */ = {isa = PBXFileReference; explicitFileType = wrapper.application; includeInIndex = 0; path = Practice.app; sourceTree = BUILT_PRODUCTS_DIR; };
		AB9EC70A213F35CF00BB05EE /* AppDelegate.swift */ = {isa = PBXFileReference; lastKnownFileType = sourcecode.swift; path = AppDelegate.swift; sourceTree = "<group>"; };
		AB9EC70C213F35CF00BB05EE /* ViewController.swift */ = {isa = PBXFileReference; lastKnownFileType = sourcecode.swift; path = ViewController.swift; sourceTree = "<group>"; };
		AB9EC70F213F35CF00BB05EE /* Base */ = {isa = PBXFileReference; lastKnownFileType = file.storyboard; name = Base; path = Base.lproj/Main.storyboard; sourceTree = "<group>"; };
		AB9EC711213F35D000BB05EE /* Assets.xcassets */ = {isa = PBXFileReference; lastKnownFileType = folder.assetcatalog; path = Assets.xcassets; sourceTree = "<group>"; };
		AB9EC714213F35D000BB05EE /* Base */ = {isa = PBXFileReference; lastKnownFileType = file.storyboard; name = Base; path = Base.lproj/LaunchScreen.storyboard; sourceTree = "<group>"; };
		AB9EC716213F35D000BB05EE /* Info.plist */ = {isa = PBXFileReference; lastKnownFileType = text.plist.xml; path = Info.plist; sourceTree = "<group>"; };
		AB9EC71B213F35D000BB05EE /* PracticeTests.xctest */ = {isa = PBXFileReference; explicitFileType = wrapper.cfbundle; includeInIndex = 0; path = PracticeTests.xctest; sourceTree = BUILT_PRODUCTS_DIR; };
		AB9EC71F213F35D000BB05EE /* PracticeTests.swift */ = {isa = PBXFileReference; lastKnownFileType = sourcecode.swift; path = PracticeTests.swift; sourceTree = "<group>"; };
		AB9EC721213F35D000BB05EE /* Info.plist */ = {isa = PBXFileReference; lastKnownFileType = text.plist.xml; path = Info.plist; sourceTree = "<group>"; };
		AB9EC726213F35D000BB05EE /* PracticeUITests.xctest */ = {isa = PBXFileReference; explicitFileType = wrapper.cfbundle; includeInIndex = 0; path = PracticeUITests.xctest; sourceTree = BUILT_PRODUCTS_DIR; };
		AB9EC72A213F35D000BB05EE /* PracticeUITests.swift */ = {isa = PBXFileReference; lastKnownFileType = sourcecode.swift; path = PracticeUITests.swift; sourceTree = "<group>"; };
		AB9EC72C213F35D000BB05EE /* Info.plist */ = {isa = PBXFileReference; lastKnownFileType = text.plist.xml; path = Info.plist; sourceTree = "<group>"; };
/* End PBXFileReference section */

/* Begin PBXFrameworksBuildPhase section */
		AB9EC704213F35CF00BB05EE /* Frameworks */ = {
			isa = PBXFrameworksBuildPhase;
			buildActionMask = 2147483647;
			files = (
			);
			runOnlyForDeploymentPostprocessing = 0;
		};
		AB9EC718213F35D000BB05EE /* Frameworks */ = {
			isa = PBXFrameworksBuildPhase;
			buildActionMask = 2147483647;
			files = (
			);
			runOnlyForDeploymentPostprocessing = 0;
		};
		AB9EC723213F35D000BB05EE /* Frameworks */ = {
			isa = PBXFrameworksBuildPhase;
			buildActionMask = 2147483647;
			files = (
			);
			runOnlyForDeploymentPostprocessing = 0;
		};
/* End PBXFrameworksBuildPhase section */

/* Begin PBXGroup section */
		AB9EC6FE213F35CF00BB05EE = {
			isa = PBXGroup;
			children = (
				AB9EC709213F35CF00BB05EE /* Practice */,
				AB9EC71E213F35D000BB05EE /* PracticeTests */,
				AB9EC729213F35D000BB05EE /* PracticeUITests */,
				AB9EC708213F35CF00BB05EE /* Products */,
			);
			sourceTree = "<group>";
		};
		AB9EC708213F35CF00BB05EE /* Products */ = {
			isa = PBXGroup;
			children = (
				AB9EC707213F35CF00BB05EE /* Practice.app */,
				AB9EC71B213F35D000BB05EE /* PracticeTests.xctest */,
				AB9EC726213F35D000BB05EE /* PracticeUITests.xctest */,
			);
			name = Products;
			sourceTree = "<group>";
		};
		AB9EC709213F35CF00BB05EE /* Practice */ = {
			isa = PBXGroup;
			children = (
				AB9EC70A213F35CF00BB05EE /* AppDelegate.swift */,
				AB9EC70C213F35CF00BB05EE /* ViewController.swift */,
				AB9EC70E213F35CF00BB05EE /* Main.storyboard */,
				AB9EC711213F35D000BB05EE /* Assets.xcassets */,
				AB9EC713213F35D000BB05EE /* LaunchScreen.storyboard */,
				AB9EC716213F35D000BB05EE /* Info.plist */,
			);
			path = Practice;
			sourceTree = "<group>";
		};
		AB9EC71E213F35D000BB05EE /* PracticeTests */ = {
			isa = PBXGroup;
			children = (
				AB9EC71F213F35D000BB05EE /* PracticeTests.swift */,
				AB9EC721213F35D000BB05EE /* Info.plist */,
			);
			path = PracticeTests;
			sourceTree = "<group>";
		};
		AB9EC729213F35D000BB05EE /* PracticeUITests */ = {
			isa = PBXGroup;
			children = (
				AB9EC72A213F35D000BB05EE /* PracticeUITests.swift */,
				AB9EC72C213F35D000BB05EE /* Info.plist */,
			);
			path = PracticeUITests;
			sourceTree = "<group>";
		};
/* End PBXGroup section */

/* Begin PBXNativeTarget section */
		AB9EC706213F35CF00BB05EE /* Practice */ = {
			isa = PBXNativeTarget;
			buildConfigurationList = AB9EC72F213F35D000BB05EE /* Build configuration list for PBXNativeTarget "Practice" */;
			buildPhases = (
				AB9EC703213F35CF00BB05EE /* Sources */,
				AB9EC704213F35CF00BB05EE /* Frameworks */,
				AB9EC705213F35CF00BB05EE /* Resources */,
			);
			buildRules = (
			);
			dependencies = (
			);
			name = Practice;
			productName = Practice;
			productReference = AB9EC707213F35CF00BB05EE /* Practice.app */;
			productType = "com.apple.product-type.application";
		};
		AB9EC71A213F35D000BB05EE /* PracticeTests */ = {
			isa = PBXNativeTarget;
			buildConfigurationList = AB9EC732213F35D000BB05EE /* Build configuration list for PBXNativeTarget "PracticeTests" */;
			buildPhases = (
				AB9EC717213F35D000BB05EE /* Sources */,
				AB9EC718213F35D000BB05EE /* Frameworks */,
				AB9EC719213F35D000BB05EE /* Resources */,
			);
			buildRules = (
			);
			dependencies = (
				AB9EC71D213F35D000BB05EE /* PBXTargetDependency */,
			);
			name = PracticeTests;
			productName = PracticeTests;
			productReference = AB9EC71B213F35D000BB05EE /* PracticeTests.xctest */;
			productType = "com.apple.product-type.bundle.unit-test";
		};
		AB9EC725213F35D000BB05EE /* PracticeUITests */ = {
			isa = PBXNativeTarget;
			buildConfigurationList = AB9EC735213F35D000BB05EE /* Build configuration list for PBXNativeTarget "PracticeUITests" */;
			buildPhases = (
				AB9EC722213F35D000BB05EE /* Sources */,
				AB9EC723213F35D000BB05EE /* Frameworks */,
				AB9EC724213F35D000BB05EE /* Resources */,
			);
			buildRules = (
			);
			dependencies = (
				AB9EC728213F35D000BB05EE /* PBXTargetDependency */,
			);
			name = PracticeUITests;
			productName = PracticeUITests;
			productReference = AB9EC726213F35D000BB05EE /* PracticeUITests.xctest */;
			productType = "com.apple.product-type.bundle.ui-testing";
		};
/* End PBXNativeTarget section */

/* Begin PBXProject section */
		AB9EC6FF213F35CF00BB05EE /* Project object */ = {
			isa = PBXProject;
			attributes = {
				LastSwiftUpdateCheck = 0940;
				LastUpgradeCheck = 0940;
				ORGANIZATIONNAME = "Jonathan Chong";
				TargetAttributes = {
					AB9EC706213F35CF00BB05EE = {
						CreatedOnToolsVersion = 9.4.1;
					};
					AB9EC71A213F35D000BB05EE = {
						CreatedOnToolsVersion = 9.4.1;
						TestTargetID = AB9EC706213F35CF00BB05EE;
					};
					AB9EC725213F35D000BB05EE = {
						CreatedOnToolsVersion = 9.4.1;
						TestTargetID = AB9EC706213F35CF00BB05EE;
					};
				};
			};
			buildConfigurationList = AB9EC702213F35CF00BB05EE /* Build configuration list for PBXProject "Practice" */;
			compatibilityVersion = "Xcode 9.3";
			developmentRegion = en;
			hasScannedForEncodings = 0;
			knownRegions = (
				en,
				Base,
			);
			mainGroup = AB9EC6FE213F35CF00BB05EE;
			productRefGroup = AB9EC708213F35CF00BB05EE /* Products */;
			projectDirPath = "";
			projectRoot = "";
			targets = (
				AB9EC706213F35CF00BB05EE /* Practice */,
				AB9EC71A213F35D000BB05EE /* PracticeTests */,
				AB9EC725213F35D000BB05EE /* PracticeUITests */,
			);
		};
/* End PBXProject section */

/* Begin PBXResourcesBuildPhase section */
		AB9EC705213F35CF00BB05EE /* Resources */ = {
			isa = PBXResourcesBuildPhase;
			buildActionMask = 2147483647;
			files = (
				AB9EC715213F35D000BB05EE /* LaunchScreen.storyboard in Resources */,
				AB9EC712213F35D000BB05EE /* Assets.xcassets in Resources */,
				AB9EC710213F35CF00BB05EE /* Main.storyboard in Resources */,
			);
			runOnlyForDeploymentPostprocessing = 0;
		};
		AB9EC719213F35D000BB05EE /* Resources */ = {
			isa = PBXResourcesBuildPhase;
			buildActionMask = 2147483647;
			files = (
			);
			runOnlyForDeploymentPostprocessing = 0;
		};
		AB9EC724213F35D000BB05EE /* Resources */ = {
			isa = PBXResourcesBuildPhase;
			buildActionMask = 2147483647;
			files = (
			);
			runOnlyForDeploymentPostprocessing = 0;
		};
/* End PBXResourcesBuildPhase section */

/* Begin PBXSourcesBuildPhase section */
		AB9EC703213F35CF00BB05EE /* Sources */ = {
			isa = PBXSourcesBuildPhase;
			buildActionMask = 2147483647;
			files = (
				AB9EC70D213F35CF00BB05EE /* ViewController.swift in Sources */,
				AB9EC70B213F35CF00BB05EE /* AppDelegate.swift in Sources */,
			);
			runOnlyForDeploymentPostprocessing = 0;
		};
		AB9EC717213F35D000BB05EE /* Sources */ = {
			isa = PBXSourcesBuildPhase;
			buildActionMask = 2147483647;
			files = (
				AB9EC720213F35D000BB05EE /* PracticeTests.swift in Sources */,
			);
			runOnlyForDeploymentPostprocessing = 0;
		};
		AB9EC722213F35D000BB05EE /* Sources */ = {
			isa = PBXSourcesBuildPhase;
			buildActionMask = 2147483647;
			files = (
				AB9EC72B213F35D000BB05EE /* PracticeUITests.swift in Sources */,
			);
			runOnlyForDeploymentPostprocessing = 0;
		};
/* End PBXSourcesBuildPhase section */

/* Begin PBXTargetDependency section */
		AB9EC71D213F35D000BB05EE /* PBXTargetDependency */ = {
			isa = PBXTargetDependency;
			target = AB9EC706213F35CF00BB05EE /* Practice */;
			targetProxy = AB9EC71C213F35D000BB05EE /* PBXContainerItemProxy */;
		};
		AB9EC728213F35D000BB05EE /* PBXTargetDependency */ = {
			isa = PBXTargetDependency;
			target = AB9EC706213F35CF00BB05EE /* Practice */;
			targetProxy = AB9EC727213F35D000BB05EE /* PBXContainerItemProxy */;
		};
/* End PBXTargetDependency section */

/* Begin PBXVariantGroup section */
		AB9EC70E213F35CF00BB05EE /* Main.storyboard */ = {
			isa = PBXVariantGroup;
			children = (
				AB9EC70F213F35CF00BB05EE /* Base */,
			);
			name = Main.storyboard;
			sourceTree = "<group>";
		};
		AB9EC713213F35D000BB05EE /* LaunchScreen.storyboard */ = {
			isa = PBXVariantGroup;
			children = (
				AB9EC714213F35D000BB05EE /* Base */,
			);
			name = LaunchScreen.storyboard;
			sourceTree = "<group>";
		};
/* End PBXVariantGroup section */

/* Begin XCBuildConfiguration section */
		AB9EC72D213F35D000BB05EE /* Debug */ = {
			isa = XCBuildConfiguration;
			buildSettings = {
				ALWAYS_SEARCH_USER_PATHS = NO;
				CLANG_ANALYZER_NONNULL = YES;
				CLANG_ANALYZER_NUMBER_OBJECT_CONVERSION = YES_AGGRESSIVE;
				CLANG_CXX_LANGUAGE_STANDARD = "gnu++14";
				CLANG_CXX_LIBRARY = "libc++";
				CLANG_ENABLE_MODULES = YES;
				CLANG_ENABLE_OBJC_ARC = YES;
				CLANG_ENABLE_OBJC_WEAK = YES;
				CLANG_WARN_BLOCK_CAPTURE_AUTORELEASING = YES;
				CLANG_WARN_BOOL_CONVERSION = YES;
				CLANG_WARN_COMMA = YES;
				CLANG_WARN_CONSTANT_CONVERSION = YES;
				CLANG_WARN_DEPRECATED_OBJC_IMPLEMENTATIONS = YES;
				CLANG_WARN_DIRECT_OBJC_ISA_USAGE = YES_ERROR;
				CLANG_WARN_DOCUMENTATION_COMMENTS = YES;
				CLANG_WARN_EMPTY_BODY = YES;
				CLANG_WARN_ENUM_CONVERSION = YES;
				CLANG_WARN_INFINITE_RECURSION = YES;
				CLANG_WARN_INT_CONVERSION = YES;
				CLANG_WARN_NON_LITERAL_NULL_CONVERSION = YES;
				CLANG_WARN_OBJC_IMPLICIT_RETAIN_SELF = YES;
				CLANG_WARN_OBJC_LITERAL_CONVERSION = YES;
				CLANG_WARN_OBJC_ROOT_CLASS = YES_ERROR;
				CLANG_WARN_RANGE_LOOP_ANALYSIS = YES;
				CLANG_WARN_STRICT_PROTOTYPES = YES;
				CLANG_WARN_SUSPICIOUS_MOVE = YES;
				CLANG_WARN_UNGUARDED_AVAILABILITY = YES_AGGRESSIVE;
				CLANG_WARN_UNREACHABLE_CODE = YES;
				CLANG_WARN__DUPLICATE_METHOD_MATCH = YES;
				CODE_SIGN_IDENTITY = "iPhone Developer";
				COPY_PHASE_STRIP = NO;
				DEBUG_INFORMATION_FORMAT = dwarf;
				ENABLE_STRICT_OBJC_MSGSEND = YES;
				ENABLE_TESTABILITY = YES;
				GCC_C_LANGUAGE_STANDARD = gnu11;
				GCC_DYNAMIC_NO_PIC = NO;
				GCC_NO_COMMON_BLOCKS = YES;
				GCC_OPTIMIZATION_LEVEL = 0;
				GCC_PREPROCESSOR_DEFINITIONS = (
					"DEBUG=1",
					"$(inherited)",
				);
				GCC_WARN_64_TO_32_BIT_CONVERSION = YES;
				GCC_WARN_ABOUT_RETURN_TYPE = YES_ERROR;
				GCC_WARN_UNDECLARED_SELECTOR = YES;
				GCC_WARN_UNINITIALIZED_AUTOS = YES_AGGRESSIVE;
				GCC_WARN_UNUSED_FUNCTION = YES;
				GCC_WARN_UNUSED_VARIABLE = YES;
				IPHONEOS_DEPLOYMENT_TARGET = 11.4;
				MTL_ENABLE_DEBUG_INFO = YES;
				ONLY_ACTIVE_ARCH = YES;
				SDKROOT = iphoneos;
				SWIFT_ACTIVE_COMPILATION_CONDITIONS = DEBUG;
				SWIFT_OPTIMIZATION_LEVEL = "-Onone";
			};
			name = Debug;
		};
		AB9EC72E213F35D000BB05EE /* Release */ = {
			isa = XCBuildConfiguration;
			buildSettings = {
				ALWAYS_SEARCH_USER_PATHS = NO;
				CLANG_ANALYZER_NONNULL = YES;
				CLANG_ANALYZER_NUMBER_OBJECT_CONVERSION = YES_AGGRESSIVE;
				CLANG_CXX_LANGUAGE_STANDARD = "gnu++14";
				CLANG_CXX_LIBRARY = "libc++";
				CLANG_ENABLE_MODULES = YES;
				CLANG_ENABLE_OBJC_ARC = YES;
				CLANG_ENABLE_OBJC_WEAK = YES;
				CLANG_WARN_BLOCK_CAPTURE_AUTORELEASING = YES;
				CLANG_WARN_BOOL_CONVERSION = YES;
				CLANG_WARN_COMMA = YES;
				CLANG_WARN_CONSTANT_CONVERSION = YES;
				CLANG_WARN_DEPRECATED_OBJC_IMPLEMENTATIONS = YES;
				CLANG_WARN_DIRECT_OBJC_ISA_USAGE = YES_ERROR;
				CLANG_WARN_DOCUMENTATION_COMMENTS = YES;
				CLANG_WARN_EMPTY_BODY = YES;
				CLANG_WARN_ENUM_CONVERSION = YES;
				CLANG_WARN_INFINITE_RECURSION = YES;
				CLANG_WARN_INT_CONVERSION = YES;
				CLANG_WARN_NON_LITERAL_NULL_CONVERSION = YES;
				CLANG_WARN_OBJC_IMPLICIT_RETAIN_SELF = YES;
				CLANG_WARN_OBJC_LITERAL_CONVERSION = YES;
				CLANG_WARN_OBJC_ROOT_CLASS = YES_ERROR;
				CLANG_WARN_RANGE_LOOP_ANALYSIS = YES;
				CLANG_WARN_STRICT_PROTOTYPES = YES;
				CLANG_WARN_SUSPICIOUS_MOVE = YES;
				CLANG_WARN_UNGUARDED_AVAILABILITY = YES_AGGRESSIVE;
				CLANG_WARN_UNREACHABLE_CODE = YES;
				CLANG_WARN__DUPLICATE_METHOD_MATCH = YES;
				CODE_SIGN_IDENTITY = "iPhone Developer";
				COPY_PHASE_STRIP = NO;
				DEBUG_INFORMATION_FORMAT = "dwarf-with-dsym";
				ENABLE_NS_ASSERTIONS = NO;
				ENABLE_STRICT_OBJC_MSGSEND = YES;
				GCC_C_LANGUAGE_STANDARD = gnu11;
				GCC_NO_COMMON_BLOCKS = YES;
				GCC_WARN_64_TO_32_BIT_CONVERSION = YES;
				GCC_WARN_ABOUT_RETURN_TYPE = YES_ERROR;
				GCC_WARN_UNDECLARED_SELECTOR = YES;
				GCC_WARN_UNINITIALIZED_AUTOS = YES_AGGRESSIVE;
				GCC_WARN_UNUSED_FUNCTION = YES;
				GCC_WARN_UNUSED_VARIABLE = YES;
				IPHONEOS_DEPLOYMENT_TARGET = 11.4;
				MTL_ENABLE_DEBUG_INFO = NO;
				SDKROOT = iphoneos;
				SWIFT_COMPILATION_MODE = wholemodule;
				SWIFT_OPTIMIZATION_LEVEL = "-O";
				VALIDATE_PRODUCT = YES;
			};
			name = Release;
		};
		AB9EC730213F35D000BB05EE /* Debug */ = {
			isa = XCBuildConfiguration;
			buildSettings = {
				ASSETCATALOG_COMPILER_APPICON_NAME = AppIcon;
				CODE_SIGN_STYLE = Automatic;
				INFOPLIST_FILE = Practice/Info.plist;
				LD_RUNPATH_SEARCH_PATHS = (
					"$(inherited)",
					"@executable_path/Frameworks",
				);
				PRODUCT_BUNDLE_IDENTIFIER = Jonathan.Practice;
				PRODUCT_NAME = "$(TARGET_NAME)";
				SWIFT_VERSION = 4.0;
				TARGETED_DEVICE_FAMILY = "1,2";
			};
			name = Debug;
		};
		AB9EC731213F35D000BB05EE /* Release */ = {
			isa = XCBuildConfiguration;
			buildSettings = {
				ASSETCATALOG_COMPILER_APPICON_NAME = AppIcon;
				CODE_SIGN_STYLE = Automatic;
				INFOPLIST_FILE = Practice/Info.plist;
				LD_RUNPATH_SEARCH_PATHS = (
					"$(inherited)",
					"@executable_path/Frameworks",
				);
				PRODUCT_BUNDLE_IDENTIFIER = Jonathan.Practice;
				PRODUCT_NAME = "$(TARGET_NAME)";
				SWIFT_VERSION = 4.0;
				TARGETED_DEVICE_FAMILY = "1,2";
			};
			name = Release;
		};
		AB9EC733213F35D000BB05EE /* Debug */ = {
			isa = XCBuildConfiguration;
			buildSettings = {
				ALWAYS_EMBED_SWIFT_STANDARD_LIBRARIES = YES;
				BUNDLE_LOADER = "$(TEST_HOST)";
				CODE_SIGN_STYLE = Automatic;
				INFOPLIST_FILE = PracticeTests/Info.plist;
				LD_RUNPATH_SEARCH_PATHS = (
					"$(inherited)",
					"@executable_path/Frameworks",
					"@loader_path/Frameworks",
				);
				PRODUCT_BUNDLE_IDENTIFIER = Jonathan.PracticeTests;
				PRODUCT_NAME = "$(TARGET_NAME)";
				SWIFT_VERSION = 4.0;
				TARGETED_DEVICE_FAMILY = "1,2";
				TEST_HOST = "$(BUILT_PRODUCTS_DIR)/Practice.app/Practice";
			};
			name = Debug;
		};
		AB9EC734213F35D000BB05EE /* Release */ = {
			isa = XCBuildConfiguration;
			buildSettings = {
				ALWAYS_EMBED_SWIFT_STANDARD_LIBRARIES = YES;
				BUNDLE_LOADER = "$(TEST_HOST)";
				CODE_SIGN_STYLE = Automatic;
				INFOPLIST_FILE = PracticeTests/Info.plist;
				LD_RUNPATH_SEARCH_PATHS = (
					"$(inherited)",
					"@executable_path/Frameworks",
					"@loader_path/Frameworks",
				);
				PRODUCT_BUNDLE_IDENTIFIER = Jonathan.PracticeTests;
				PRODUCT_NAME = "$(TARGET_NAME)";
				SWIFT_VERSION = 4.0;
				TARGETED_DEVICE_FAMILY = "1,2";
				TEST_HOST = "$(BUILT_PRODUCTS_DIR)/Practice.app/Practice";
			};
			name = Release;
		};
		AB9EC736213F35D000BB05EE /* Debug */ = {
			isa = XCBuildConfiguration;
			buildSettings = {
				ALWAYS_EMBED_SWIFT_STANDARD_LIBRARIES = YES;
				CODE_SIGN_STYLE = Automatic;
				INFOPLIST_FILE = PracticeUITests/Info.plist;
				LD_RUNPATH_SEARCH_PATHS = (
					"$(inherited)",
					"@executable_path/Frameworks",
					"@loader_path/Frameworks",
				);
				PRODUCT_BUNDLE_IDENTIFIER = Jonathan.PracticeUITests;
				PRODUCT_NAME = "$(TARGET_NAME)";
				SWIFT_VERSION = 4.0;
				TARGETED_DEVICE_FAMILY = "1,2";
				TEST_TARGET_NAME = Practice;
			};
			name = Debug;
		};
		AB9EC737213F35D000BB05EE /* Release */ = {
			isa = XCBuildConfiguration;
			buildSettings = {
				ALWAYS_EMBED_SWIFT_STANDARD_LIBRARIES = YES;
				CODE_SIGN_STYLE = Automatic;
				INFOPLIST_FILE = PracticeUITests/Info.plist;
				LD_RUNPATH_SEARCH_PATHS = (
					"$(inherited)",
					"@executable_path/Frameworks",
					"@loader_path/Frameworks",
				);
				PRODUCT_BUNDLE_IDENTIFIER = Jonathan.PracticeUITests;
				PRODUCT_NAME = "$(TARGET_NAME)";
				SWIFT_VERSION = 4.0;
				TARGETED_DEVICE_FAMILY = "1,2";
				TEST_TARGET_NAME = Practice;
			};
			name = Release;
		};
/* End XCBuildConfiguration section */

/* Begin XCConfigurationList section */
		AB9EC702213F35CF00BB05EE /* Build configuration list for PBXProject "Practice" */ = {
			isa = XCConfigurationList;
			buildConfigurations = (
				AB9EC72D213F35D000BB05EE /* Debug */,
				AB9EC72E213F35D000BB05EE /* Release */,
			);
			defaultConfigurationIsVisible = 0;
			defaultConfigurationName = Release;
		};
		AB9EC72F213F35D000BB05EE /* Build configuration list for PBXNativeTarget "Practice" */ = {
			isa = XCConfigurationList;
			buildConfigurations = (
				AB9EC730213F35D000BB05EE /* Debug */,
				AB9EC731213F35D000BB05EE /* Release */,
			);
			defaultConfigurationIsVisible = 0;
			defaultConfigurationName = Release;
		};
		AB9EC732213F35D000BB05EE /* Build configuration list for PBXNativeTarget "PracticeTests" */ = {
			isa = XCConfigurationList;
			buildConfigurations = (
				AB9EC733213F35D000BB05EE /* Debug */,
				AB9EC734213F35D000BB05EE /* Release */,
			);
			defaultConfigurationIsVisible = 0;
			defaultConfigurationName = Release;
		};
		AB9EC735213F35D000BB05EE /* Build configuration list for PBXNativeTarget "PracticeUITests" */ = {
			isa = XCConfigurationList;
			buildConfigurations = (
				AB9EC736213F35D000BB05EE /* Debug */,
				AB9EC737213F35D000BB05EE /* Release */,
			);
			defaultConfigurationIsVisible = 0;
			defaultConfigurationName = Release;
		};
/* End XCConfigurationList section */
	};
	rootObject = AB9EC6FF213F35CF00BB05EE /* Project object */;
}
